github.com/DusanKasan/parsemail v1.2.0 h1:CrzTL1nuPLxB41aO4zE/Tzc9GVD8jjifUftlbTKQQl4=
github.com/DusanKasan/parsemail v1.2.0/go.mod h1:B9lfMbpVe4DMqPImAOCGti7KEwasnRTrKKn66iQefVs=
github.com/dietsche/rfsnotify v0.0.0-20200716145600-b37be6e4177f h1:b3QvpXLSx1U13VM79rSkA+6Xv4lmT/urEMzA36Yma0U=
github.com/dietsche/rfsnotify v0.0.0-20200716145600-b37be6e4177f/go.mod h1:ztitxkMUaBsHRey1tS5xFCd4gm/zAQwA9yfCP5y4cAA=
github.com/esiqveland/notify v0.11.0 h1:0WJ/xW+3Ln8uRBYntG7f0XihXxnlOaQTdha1yyzXz30=
github.com/esiqveland/notify v0.11.0/go.mod h1:63UbVSaeJwF0LVJARHFuPgUAoM7o1BEvCZyknsuonBc=
github.com/fsnotify/fsnotify v1.4.7 h1:IXs+QLmnXW2CcXuY+8Mzv/fWEsPGWxqefPtCP5CnV9I=
github.com/fsnotify/fsnotify v1.4.7/go.mod h1:jwhsz4b93w/PPRr/qN1Yymfu8t87LnFCMoQvtojpjFo=
github.com/godbus/dbus/v5 v5.0.3/go.mod h1:xhWf0FNVPg57R7Z0UbKHbJfkEywrmjJnf7w5xrFpKfA=
github.com/godbus/dbus/v5 v5.0.5 h1:9Eg0XUhQxtkV8ykTMKtMMYY72g4NgxtRq4jgh4Ih5YM=
github.com/godbus/dbus/v5 v5.0.5/go.mod h1:xhWf0FNVPg57R7Z0UbKHbJfkEywrmjJnf7w5xrFpKfA=
golang.org/x/sys v0.0.0-20211007075335-d3039528d8ac h1:oN6lz7iLW/YC7un8pq+9bOLyXrprv2+DKfkJY+2LJJw=
golang.org/x/sys v0.0.0-20211007075335-d3039528d8ac/go.mod h1:oPkhp1MJrh7nUepCBck5+mAzfO9JrbApNNgaTdGDITg=
gopkg.in/fsnotify.v1 v1.4.7 h1:xOHLXZwVvI9hhs+cLKq5+I5onOuwQLhQwiu63xxlHs4=
gopkg.in/fsnotify.v1 v1.4.7/go.mod h1:Tz8NjZHkW78fSQdbUxIjBTcgA1z1m8ZHf0WmKUhAMys=
