[[package]]
name = "bleach"
version = "4.1.0"
description = "An easy safelist-based HTML-sanitizing tool."
category = "main"
optional = false
python-versions = ">=3.6"

[package.dependencies]
packaging = "*"
six = ">=1.9.0"
webencodings = "*"

[[package]]
name = "flake8"
version = "3.9.2"
description = "the modular source code checker: pep8 pyflakes and co"
category = "dev"
optional = false
python-versions = "!=3.0.*,!=3.1.*,!=3.2.*,!=3.3.*,!=3.4.*,>=2.7"

[package.dependencies]
mccabe = ">=0.6.0,<0.7.0"
pycodestyle = ">=2.7.0,<2.8.0"
pyflakes = ">=2.3.0,<2.4.0"

[[package]]
name = "jedi"
version = "0.17.2"
description = "An autocompletion tool for Python that can be used for text editors."
category = "dev"
optional = false
python-versions = ">=2.7, !=3.0.*, !=3.1.*, !=3.2.*, !=3.3.*, !=3.4.*"

[package.dependencies]
parso = ">=0.7.0,<0.8.0"

[package.extras]
qa = ["flake8 (==3.7.9)"]
testing = ["Django (<3.1)", "colorama", "docopt", "pytest (>=3.9.0,<5.0.0)"]

[[package]]
name = "mccabe"
version = "0.6.1"
description = "McCabe checker, plugin for flake8"
category = "dev"
optional = false
python-versions = "*"

[[package]]
name = "packaging"
version = "21.0"
description = "Core utilities for Python packages"
category = "main"
optional = false
python-versions = ">=3.6"

[package.dependencies]
pyparsing = ">=2.0.2"

[[package]]
name = "parso"
version = "0.7.1"
description = "A Python Parser"
category = "dev"
optional = false
python-versions = ">=2.7, !=3.0.*, !=3.1.*, !=3.2.*, !=3.3.*"

[package.extras]
testing = ["docopt", "pytest (>=3.0.7)"]

[[package]]
name = "pycairo"
version = "1.20.1"
description = "Python interface for cairo"
category = "main"
optional = false
python-versions = ">=3.6, <4"

[[package]]
name = "pycodestyle"
version = "2.7.0"
description = "Python style guide checker"
category = "dev"
optional = false
python-versions = ">=2.7, !=3.0.*, !=3.1.*, !=3.2.*, !=3.3.*"

[[package]]
name = "pyflakes"
version = "2.3.1"
description = "passive checker of Python programs"
category = "dev"
optional = false
python-versions = ">=2.7, !=3.0.*, !=3.1.*, !=3.2.*, !=3.3.*"

[[package]]
name = "pygobject"
version = "3.40.1"
description = "Python bindings for GObject Introspection"
category = "main"
optional = false
python-versions = ">=3.6, <4"

[package.dependencies]
pycairo = ">=1.16.0"

[[package]]
name = "pyparsing"
version = "2.4.7"
description = "Python parsing module"
category = "main"
optional = false
python-versions = ">=2.6, !=3.0.*, !=3.1.*, !=3.2.*"

[[package]]
name = "six"
version = "1.16.0"
description = "Python 2 and 3 compatibility utilities"
category = "main"
optional = false
python-versions = ">=2.7, !=3.0.*, !=3.1.*, !=3.2.*"

[[package]]
name = "watchdog"
version = "2.1.5"
description = "Filesystem events monitoring"
category = "main"
optional = false
python-versions = ">=3.6"

[package.extras]
watchmedo = ["PyYAML (>=3.10)", "argh (>=0.24.1)"]

[[package]]
name = "webencodings"
version = "0.5.1"
description = "Character encoding aliases for legacy web content"
category = "main"
optional = false
python-versions = "*"

[[package]]
name = "yapf"
version = "0.30.0"
description = "A formatter for Python code."
category = "dev"
optional = false
python-versions = "*"

[metadata]
lock-version = "1.1"
python-versions = "^3.8"
content-hash = "5bb52d93bc4e94762735d4248428e87b1a4ad8954d96fee60d61bdb40c270c58"

[metadata.files]
bleach = [
    {file = "bleach-4.1.0-py2.py3-none-any.whl", hash = "sha256:4d2651ab93271d1129ac9cbc679f524565cc8a1b791909c4a51eac4446a15994"},
    {file = "bleach-4.1.0.tar.gz", hash = "sha256:0900d8b37eba61a802ee40ac0061f8c2b5dee29c1927dd1d233e075ebf5a71da"},
]
flake8 = [
    {file = "flake8-3.9.2-py2.py3-none-any.whl", hash = "sha256:bf8fd333346d844f616e8d47905ef3a3384edae6b4e9beb0c5101e25e3110907"},
    {file = "flake8-3.9.2.tar.gz", hash = "sha256:07528381786f2a6237b061f6e96610a4167b226cb926e2aa2b6b1d78057c576b"},
]
jedi = [
    {file = "jedi-0.17.2-py2.py3-none-any.whl", hash = "sha256:98cc583fa0f2f8304968199b01b6b4b94f469a1f4a74c1560506ca2a211378b5"},
    {file = "jedi-0.17.2.tar.gz", hash = "sha256:86ed7d9b750603e4ba582ea8edc678657fb4007894a12bcf6f4bb97892f31d20"},
]
mccabe = [
    {file = "mccabe-0.6.1-py2.py3-none-any.whl", hash = "sha256:ab8a6258860da4b6677da4bd2fe5dc2c659cff31b3ee4f7f5d64e79735b80d42"},
    {file = "mccabe-0.6.1.tar.gz", hash = "sha256:dd8d182285a0fe56bace7f45b5e7d1a6ebcbf524e8f3bd87eb0f125271b8831f"},
]
packaging = [
    {file = "packaging-21.0-py3-none-any.whl", hash = "sha256:c86254f9220d55e31cc94d69bade760f0847da8000def4dfe1c6b872fd14ff14"},
    {file = "packaging-21.0.tar.gz", hash = "sha256:7dc96269f53a4ccec5c0670940a4281106dd0bb343f47b7471f779df49c2fbe7"},
]
parso = [
    {file = "parso-0.7.1-py2.py3-none-any.whl", hash = "sha256:97218d9159b2520ff45eb78028ba8b50d2bc61dcc062a9682666f2dc4bd331ea"},
    {file = "parso-0.7.1.tar.gz", hash = "sha256:caba44724b994a8a5e086460bb212abc5a8bc46951bf4a9a1210745953622eb9"},
]
pycairo = [
    {file = "pycairo-1.20.1-cp310-cp310-win32.whl", hash = "sha256:736ffc618e851601e861a630293e5c910ef016b83b2d035a336f83a367bf56ab"},
    {file = "pycairo-1.20.1-cp310-cp310-win_amd64.whl", hash = "sha256:261c69850d4b2ec03346c9745bad2a835bb8124e4c6961b8ceac503d744eb3b3"},
    {file = "pycairo-1.20.1-cp36-cp36m-win32.whl", hash = "sha256:6db823a18e7be1eb2a29c28961f2f01e84d3b449f06be7338d05ac8f90592cd5"},
    {file = "pycairo-1.20.1-cp36-cp36m-win_amd64.whl", hash = "sha256:5525da2d8de912750dd157752aa96f1f0a42a437c5625e85b14c936b5c6305ae"},
    {file = "pycairo-1.20.1-cp37-cp37m-win32.whl", hash = "sha256:c8c2bb933974d91c5d19e54b846d964de177e7bf33433bf34ac34c85f9b30e94"},
    {file = "pycairo-1.20.1-cp37-cp37m-win_amd64.whl", hash = "sha256:9a32e4a3574a104aa876c35d5e71485dfd6986b18d045534c6ec510c44d5d6a7"},
    {file = "pycairo-1.20.1-cp38-cp38-win32.whl", hash = "sha256:0d7a6754d410d911a46f00396bee4be96500ccd3d178e7e98aef1140e3dd67ae"},
    {file = "pycairo-1.20.1-cp38-cp38-win_amd64.whl", hash = "sha256:b605151cdd23cedb31855b8666371b6e26b80f02753a52c8b8023a916b1df812"},
    {file = "pycairo-1.20.1-cp39-cp39-win32.whl", hash = "sha256:e800486b51fffeb11ed867b4f2220d446e2a60a81a73b7c377123e0cbb72f49d"},
    {file = "pycairo-1.20.1-cp39-cp39-win_amd64.whl", hash = "sha256:f123d3818e30b77b7209d70a6dcfd5b4e34885f9fa539d92dd7ff3e4e2037213"},
    {file = "pycairo-1.20.1.tar.gz", hash = "sha256:1ee72b035b21a475e1ed648e26541b04e5d7e753d75ca79de8c583b25785531b"},
]
pycodestyle = [
    {file = "pycodestyle-2.7.0-py2.py3-none-any.whl", hash = "sha256:514f76d918fcc0b55c6680472f0a37970994e07bbb80725808c17089be302068"},
    {file = "pycodestyle-2.7.0.tar.gz", hash = "sha256:c389c1d06bf7904078ca03399a4816f974a1d590090fecea0c63ec26ebaf1cef"},
]
pyflakes = [
    {file = "pyflakes-2.3.1-py2.py3-none-any.whl", hash = "sha256:7893783d01b8a89811dd72d7dfd4d84ff098e5eed95cfa8905b22bbffe52efc3"},
    {file = "pyflakes-2.3.1.tar.gz", hash = "sha256:f5bc8ecabc05bb9d291eb5203d6810b49040f6ff446a756326104746cc00c1db"},
]
pygobject = [
    {file = "PyGObject-3.40.1.tar.gz", hash = "sha256:6fb599aa59ceb9dd05fafb0d72b3862943e7d5e85c8ef6c74856bc6d4321cbab"},
]
pyparsing = [
    {file = "pyparsing-2.4.7-py2.py3-none-any.whl", hash = "sha256:ef9d7589ef3c200abe66653d3f1ab1033c3c419ae9b9bdb1240a85b024efc88b"},
    {file = "pyparsing-2.4.7.tar.gz", hash = "sha256:c203ec8783bf771a155b207279b9bccb8dea02d8f0c9e5f8ead507bc3246ecc1"},
]
six = [
    {file = "six-1.16.0-py2.py3-none-any.whl", hash = "sha256:8abb2f1d86890a2dfb989f9a77cfcfd3e47c2a354b01111771326f8aa26e0254"},
    {file = "six-1.16.0.tar.gz", hash = "sha256:1e61c37477a1626458e36f7b1d82aa5c9b094fa4802892072e49de9c60c4c926"},
]
watchdog = [
    {file = "watchdog-2.1.5-cp310-cp310-macosx_10_9_universal2.whl", hash = "sha256:5f57ce4f7e498278fb2a091f39359930144a0f2f90ea8cbf4523c4e25de34028"},
    {file = "watchdog-2.1.5-cp310-cp310-macosx_10_9_x86_64.whl", hash = "sha256:8b74d0d92a69a7ab5f101f9fe74e44ba017be269efa824337366ccbb4effde85"},
    {file = "watchdog-2.1.5-cp310-cp310-macosx_11_0_arm64.whl", hash = "sha256:59767f476cd1f48531bf378f0300565d879688c82da8369ca8c52f633299523c"},
    {file = "watchdog-2.1.5-cp36-cp36m-macosx_10_9_x86_64.whl", hash = "sha256:814d396859c95598f7576d15bc257c3bd3ba61fa4bc1db7dfc18f09070ded7da"},
    {file = "watchdog-2.1.5-cp37-cp37m-macosx_10_9_x86_64.whl", hash = "sha256:28777dbed3bbd95f9c70f461443990a36c07dbf49ae7cd69932cdd1b8fb2850c"},
    {file = "watchdog-2.1.5-cp38-cp38-macosx_10_9_universal2.whl", hash = "sha256:5cf78f794c9d7bc64a626ef4f71aff88f57a7ae288e0b359a9c6ea711a41395f"},
    {file = "watchdog-2.1.5-cp38-cp38-macosx_10_9_x86_64.whl", hash = "sha256:43bf728eb7830559f329864ab5da2302c15b2efbac24ad84ccc09949ba753c40"},
    {file = "watchdog-2.1.5-cp38-cp38-macosx_11_0_arm64.whl", hash = "sha256:a7053d4d22dc95c5e0c90aeeae1e4ed5269d2f04001798eec43a654a03008d22"},
    {file = "watchdog-2.1.5-cp39-cp39-macosx_10_9_universal2.whl", hash = "sha256:6f3ad1d973fe8fc8fe64ba38f6a934b74346342fa98ef08ad5da361a05d46044"},
    {file = "watchdog-2.1.5-cp39-cp39-macosx_10_9_x86_64.whl", hash = "sha256:41d44ef21a77a32b55ce9bf59b75777063751f688de51098859b7c7f6466589a"},
    {file = "watchdog-2.1.5-cp39-cp39-macosx_11_0_arm64.whl", hash = "sha256:ed4ca4351cd2bb0d863ee737a2011ca44d8d8be19b43509bd4507f8a449b376b"},
    {file = "watchdog-2.1.5-pp37-pypy37_pp73-macosx_10_9_x86_64.whl", hash = "sha256:8874d5ad6b7f43b18935d9b0183e29727a623a216693d6938d07dfd411ba462f"},
    {file = "watchdog-2.1.5-py3-none-manylinux2014_aarch64.whl", hash = "sha256:50a7f81f99d238f72185f481b493f9de80096e046935b60ea78e1276f3d76960"},
    {file = "watchdog-2.1.5-py3-none-manylinux2014_armv7l.whl", hash = "sha256:e40e33a4889382824846b4baa05634e1365b47c6fa40071dc2d06b4d7c715fc1"},
    {file = "watchdog-2.1.5-py3-none-manylinux2014_i686.whl", hash = "sha256:78b1514067ff4089f4dac930b043a142997a5b98553120919005e97fbaba6546"},
    {file = "watchdog-2.1.5-py3-none-manylinux2014_ppc64.whl", hash = "sha256:58ae842300cbfe5e62fb068c83901abe76e4f413234b7bec5446e4275eb1f9cb"},
    {file = "watchdog-2.1.5-py3-none-manylinux2014_ppc64le.whl", hash = "sha256:b0cc7d8b7d60da6c313779d85903ce39a63d89d866014b085f720a083d5f3e9a"},
    {file = "watchdog-2.1.5-py3-none-manylinux2014_s390x.whl", hash = "sha256:e60d3bb7166b7cb830b86938d1eb0e6cfe23dfd634cce05c128f8f9967895193"},
    {file = "watchdog-2.1.5-py3-none-manylinux2014_x86_64.whl", hash = "sha256:51af09ae937ada0e9a10cc16988ec03c649754a91526170b6839b89fc56d6acb"},
    {file = "watchdog-2.1.5-py3-none-win32.whl", hash = "sha256:9391003635aa783957b9b11175d9802d3272ed67e69ef2e3394c0b6d9d24fa9a"},
    {file = "watchdog-2.1.5-py3-none-win_amd64.whl", hash = "sha256:eab14adfc417c2c983fbcb2c73ef3f28ba6990d1fff45d1180bf7e38bda0d98d"},
    {file = "watchdog-2.1.5-py3-none-win_ia64.whl", hash = "sha256:a2888a788893c4ef7e562861ec5433875b7915f930a5a7ed3d32c048158f1be5"},
    {file = "watchdog-2.1.5.tar.gz", hash = "sha256:5563b005907613430ef3d4aaac9c78600dd5704e84764cb6deda4b3d72807f09"},
]
webencodings = [
    {file = "webencodings-0.5.1-py2.py3-none-any.whl", hash = "sha256:a0af1213f3c2226497a97e2b3aa01a7e4bee4f403f95be16fc9acd2947514a78"},
    {file = "webencodings-0.5.1.tar.gz", hash = "sha256:b36a1c245f2d304965eb4e0a82848379241dc04b865afcc4aab16748587e1923"},
]
yapf = [
    {file = "yapf-0.30.0-py2.py3-none-any.whl", hash = "sha256:3abf61ba67cf603069710d30acbc88cfe565d907e16ad81429ae90ce9651e0c9"},
    {file = "yapf-0.30.0.tar.gz", hash = "sha256:3000abee4c28daebad55da6c85f3cd07b8062ce48e2e9943c8da1b9667d48427"},
]
